PODS:
  - IndicateKit (1.0.6)
  - SwiftyOnboard (1.4.0)

DEPENDENCIES:
  - IndicateKit (~> 1.0.5)
  - SwiftyOnboard

SPEC REPOS:
  trunk:
    - IndicateKit
    - SwiftyOnboard

SPEC CHECKSUMS:
  IndicateKit: 3d24987763d4005dd37a7d472101dd509d8511f9
  SwiftyOnboard: 76a648dc1dcbc844343b6b95fe5883cb64a62f4a

PODFILE CHECKSUM: b6b838e07016a383e0415cbc9cb80e2c2164d69b

COCOAPODS: 1.16.2
