// !$*UTF8*$!
{
	archiveVersion = 1;
	classes = {
	};
	objectVersion = 55;
	objects = {

/* Begin PBXBuildFile section */
		220ADAF9274DA60F0030FAAD /* CloudKit.framework in Frameworks */ = {isa = PBXBuildFile; fileRef = 220ADAF8274DA60F0030FAAD /* CloudKit.framework */; };
		220ADAFB274DA9D70030FAAD /* Model.swift in Sources */ = {isa = PBXBuildFile; fileRef = 220ADAFA274DA9D70030FAAD /* Model.swift */; };
		220D757C2870BC88003461D1 /* DataCreditCardController.swift in Sources */ = {isa = PBXBuildFile; fileRef = 220D757B2870BC88003461D1 /* DataCreditCardController.swift */; };
		220D757E287116AC003461D1 /* DataPasswordController.swift in Sources */ = {isa = PBXBuildFile; fileRef = 220D757D287116AC003461D1 /* DataPasswordController.swift */; };
		222384C7274D361D00FBF76A /* MasterPasswordController.swift in Sources */ = {isa = PBXBuildFile; fileRef = 222384C6274D361D00FBF76A /* MasterPasswordController.swift */; };
		222384EE2751793700FBF76A /* DBManager.swift in Sources */ = {isa = PBXBuildFile; fileRef = 222384ED2751793700FBF76A /* DBManager.swift */; };
		222384F127517FFF00FBF76A /* DatasViewCell.swift in Sources */ = {isa = PBXBuildFile; fileRef = 222384EF27517FFF00FBF76A /* DatasViewCell.swift */; };
		222384F227517FFF00FBF76A /* DatasViewCell.xib in Resources */ = {isa = PBXBuildFile; fileRef = 222384F027517FFF00FBF76A /* DatasViewCell.xib */; };
		222C971C27487841004C077E /* GoogleService-Info.plist in Resources */ = {isa = PBXBuildFile; fileRef = 222C971B27487841004C077E /* GoogleService-Info.plist */; };
		222C972027487AAD004C077E /* SignInController.swift in Sources */ = {isa = PBXBuildFile; fileRef = 222C971F27487AAD004C077E /* SignInController.swift */; };
		222C972427487B8F004C077E /* SettingsController.swift in Sources */ = {isa = PBXBuildFile; fileRef = 222C972327487B8F004C077E /* SettingsController.swift */; };
		222C972827487CED004C077E /* OpenVaultController.swift in Sources */ = {isa = PBXBuildFile; fileRef = 222C972727487CED004C077E /* OpenVaultController.swift */; };
		222C972A27487D9C004C077E /* Onboarding.storyboard in Resources */ = {isa = PBXBuildFile; fileRef = 222C972927487D9C004C077E /* Onboarding.storyboard */; };
		224E868C285F6FE200F4A575 /* EncryptionPassword.swift in Sources */ = {isa = PBXBuildFile; fileRef = 224E868A285F6FE100F4A575 /* EncryptionPassword.swift */; };
		224E868D285F6FE200F4A575 /* Encryption.swift in Sources */ = {isa = PBXBuildFile; fileRef = 224E868B285F6FE200F4A575 /* Encryption.swift */; };
		227B18F7285EB3320092D67E /* CreditCardScanner in Frameworks */ = {isa = PBXBuildFile; productRef = 227B18F6285EB3320092D67E /* CreditCardScanner */; };
		227FB79F275FABCB0013647B /* OnboardingController.swift in Sources */ = {isa = PBXBuildFile; fileRef = 227FB79E275FABCB0013647B /* OnboardingController.swift */; };
		227FB7A1275FAEBA0013647B /* Reachability.swift in Sources */ = {isa = PBXBuildFile; fileRef = 227FB7A0275FAEBA0013647B /* Reachability.swift */; };
		2283FD3E2873B01600F8B21C /* DataSecureNoteController.swift in Sources */ = {isa = PBXBuildFile; fileRef = 2283FD3D2873B01600F8B21C /* DataSecureNoteController.swift */; };
		228671D0286BA5B60010AEAF /* GeneratePasswordController.swift in Sources */ = {isa = PBXBuildFile; fileRef = 228671CF286BA5B60010AEAF /* GeneratePasswordController.swift */; };
		2295C5752748722E0050FA7D /* AppDelegate.swift in Sources */ = {isa = PBXBuildFile; fileRef = 2295C5742748722E0050FA7D /* AppDelegate.swift */; };
		2295C5772748722E0050FA7D /* SceneDelegate.swift in Sources */ = {isa = PBXBuildFile; fileRef = 2295C5762748722E0050FA7D /* SceneDelegate.swift */; };
		2295C57C2748722E0050FA7D /* Main.storyboard in Resources */ = {isa = PBXBuildFile; fileRef = 2295C57A2748722E0050FA7D /* Main.storyboard */; };
		2295C57F2748722E0050FA7D /* Lock_n_Key_Wallet.xcdatamodeld in Sources */ = {isa = PBXBuildFile; fileRef = 2295C57D2748722E0050FA7D /* Lock_n_Key_Wallet.xcdatamodeld */; };
		2295C5812748722F0050FA7D /* Assets.xcassets in Resources */ = {isa = PBXBuildFile; fileRef = 2295C5802748722F0050FA7D /* Assets.xcassets */; };
		2295C5842748722F0050FA7D /* LaunchScreen.storyboard in Resources */ = {isa = PBXBuildFile; fileRef = 2295C5822748722F0050FA7D /* LaunchScreen.storyboard */; };
		229F7EB72D9DBFCD00180C6B /* SDWebImage in Frameworks */ = {isa = PBXBuildFile; productRef = 229F7EB62D9DBFCD00180C6B /* SDWebImage */; };
		229F7EB92D9DBFCD00180C6B /* SDWebImageMapKit in Frameworks */ = {isa = PBXBuildFile; productRef = 229F7EB82D9DBFCD00180C6B /* SDWebImageMapKit */; };
		229F7EBC2D9DC09F00180C6B /* FirebaseAnalytics in Frameworks */ = {isa = PBXBuildFile; productRef = 229F7EBB2D9DC09F00180C6B /* FirebaseAnalytics */; };
		229F7EBE2D9DC09F00180C6B /* FirebaseAuth in Frameworks */ = {isa = PBXBuildFile; productRef = 229F7EBD2D9DC09F00180C6B /* FirebaseAuth */; };
		229F7EC02D9DC09F00180C6B /* FirebaseCrashlytics in Frameworks */ = {isa = PBXBuildFile; productRef = 229F7EBF2D9DC09F00180C6B /* FirebaseCrashlytics */; };
		229F7EC22D9DC09F00180C6B /* FirebaseDatabase in Frameworks */ = {isa = PBXBuildFile; productRef = 229F7EC12D9DC09F00180C6B /* FirebaseDatabase */; };
		229F7EC42D9DC09F00180C6B /* FirebaseFirestore in Frameworks */ = {isa = PBXBuildFile; productRef = 229F7EC32D9DC09F00180C6B /* FirebaseFirestore */; };
		229F7EC62D9DC09F00180C6B /* FirebaseInAppMessaging-Beta in Frameworks */ = {isa = PBXBuildFile; productRef = 229F7EC52D9DC09F00180C6B /* FirebaseInAppMessaging-Beta */; };
		229F7EC82D9DC09F00180C6B /* FirebaseStorage in Frameworks */ = {isa = PBXBuildFile; productRef = 229F7EC72D9DC09F00180C6B /* FirebaseStorage */; };
		22BD8B42287A85E800AF53EA /* DataImageController.swift in Sources */ = {isa = PBXBuildFile; fileRef = 22BD8B41287A85E800AF53EA /* DataImageController.swift */; };
		22CAFBD127543937006D02AA /* Extensions.swift in Sources */ = {isa = PBXBuildFile; fileRef = 22CAFBD027543937006D02AA /* Extensions.swift */; };
		3D69823B568CFCA67A0E9E2A /* Pods_Lock_n_Key_Wallet.framework in Frameworks */ = {isa = PBXBuildFile; fileRef = 6CB8B1DD79F69EF8022AD25B /* Pods_Lock_n_Key_Wallet.framework */; };
/* End PBXBuildFile section */

/* Begin PBXFileReference section */
		220ADAF8274DA60F0030FAAD /* CloudKit.framework */ = {isa = PBXFileReference; lastKnownFileType = wrapper.framework; name = CloudKit.framework; path = System/Library/Frameworks/CloudKit.framework; sourceTree = SDKROOT; };
		220ADAFA274DA9D70030FAAD /* Model.swift */ = {isa = PBXFileReference; lastKnownFileType = sourcecode.swift; path = Model.swift; sourceTree = "<group>"; };
		220D757B2870BC88003461D1 /* DataCreditCardController.swift */ = {isa = PBXFileReference; lastKnownFileType = sourcecode.swift; path = DataCreditCardController.swift; sourceTree = "<group>"; };
		220D757D287116AC003461D1 /* DataPasswordController.swift */ = {isa = PBXFileReference; lastKnownFileType = sourcecode.swift; path = DataPasswordController.swift; sourceTree = "<group>"; };
		222384C6274D361D00FBF76A /* MasterPasswordController.swift */ = {isa = PBXFileReference; lastKnownFileType = sourcecode.swift; path = MasterPasswordController.swift; sourceTree = "<group>"; };
		222384ED2751793700FBF76A /* DBManager.swift */ = {isa = PBXFileReference; lastKnownFileType = sourcecode.swift; path = DBManager.swift; sourceTree = "<group>"; };
		222384EF27517FFF00FBF76A /* DatasViewCell.swift */ = {isa = PBXFileReference; lastKnownFileType = sourcecode.swift; path = DatasViewCell.swift; sourceTree = "<group>"; };
		222384F027517FFF00FBF76A /* DatasViewCell.xib */ = {isa = PBXFileReference; lastKnownFileType = file.xib; path = DatasViewCell.xib; sourceTree = "<group>"; };
		222C971B27487841004C077E /* GoogleService-Info.plist */ = {isa = PBXFileReference; fileEncoding = 4; lastKnownFileType = text.plist.xml; path = "GoogleService-Info.plist"; sourceTree = "<group>"; };
		222C971F27487AAD004C077E /* SignInController.swift */ = {isa = PBXFileReference; lastKnownFileType = sourcecode.swift; path = SignInController.swift; sourceTree = "<group>"; };
		222C972327487B8F004C077E /* SettingsController.swift */ = {isa = PBXFileReference; lastKnownFileType = sourcecode.swift; path = SettingsController.swift; sourceTree = "<group>"; };
		222C972727487CED004C077E /* OpenVaultController.swift */ = {isa = PBXFileReference; lastKnownFileType = sourcecode.swift; path = OpenVaultController.swift; sourceTree = "<group>"; };
		222C972927487D9C004C077E /* Onboarding.storyboard */ = {isa = PBXFileReference; lastKnownFileType = file.storyboard; path = Onboarding.storyboard; sourceTree = "<group>"; };
		224E868A285F6FE100F4A575 /* EncryptionPassword.swift */ = {isa = PBXFileReference; fileEncoding = 4; lastKnownFileType = sourcecode.swift; path = EncryptionPassword.swift; sourceTree = "<group>"; };
		224E868B285F6FE200F4A575 /* Encryption.swift */ = {isa = PBXFileReference; fileEncoding = 4; lastKnownFileType = sourcecode.swift; path = Encryption.swift; sourceTree = "<group>"; };
		227FB79E275FABCB0013647B /* OnboardingController.swift */ = {isa = PBXFileReference; lastKnownFileType = sourcecode.swift; path = OnboardingController.swift; sourceTree = "<group>"; };
		227FB7A0275FAEBA0013647B /* Reachability.swift */ = {isa = PBXFileReference; lastKnownFileType = sourcecode.swift; path = Reachability.swift; sourceTree = "<group>"; };
		2283FD3D2873B01600F8B21C /* DataSecureNoteController.swift */ = {isa = PBXFileReference; lastKnownFileType = sourcecode.swift; path = DataSecureNoteController.swift; sourceTree = "<group>"; };
		228671CF286BA5B60010AEAF /* GeneratePasswordController.swift */ = {isa = PBXFileReference; lastKnownFileType = sourcecode.swift; path = GeneratePasswordController.swift; sourceTree = "<group>"; };
		2295C5712748722E0050FA7D /* Lock n Key Wallet.app */ = {isa = PBXFileReference; explicitFileType = wrapper.application; includeInIndex = 0; path = "Lock n Key Wallet.app"; sourceTree = BUILT_PRODUCTS_DIR; };
		2295C5742748722E0050FA7D /* AppDelegate.swift */ = {isa = PBXFileReference; lastKnownFileType = sourcecode.swift; path = AppDelegate.swift; sourceTree = "<group>"; };
		2295C5762748722E0050FA7D /* SceneDelegate.swift */ = {isa = PBXFileReference; lastKnownFileType = sourcecode.swift; path = SceneDelegate.swift; sourceTree = "<group>"; };
		2295C57B2748722E0050FA7D /* Base */ = {isa = PBXFileReference; lastKnownFileType = file.storyboard; name = Base; path = Base.lproj/Main.storyboard; sourceTree = "<group>"; };
		2295C57E2748722E0050FA7D /* Lock_n_Key_Wallet.xcdatamodel */ = {isa = PBXFileReference; lastKnownFileType = wrapper.xcdatamodel; path = Lock_n_Key_Wallet.xcdatamodel; sourceTree = "<group>"; };
		2295C5802748722F0050FA7D /* Assets.xcassets */ = {isa = PBXFileReference; lastKnownFileType = folder.assetcatalog; path = Assets.xcassets; sourceTree = "<group>"; };
		2295C5832748722F0050FA7D /* Base */ = {isa = PBXFileReference; lastKnownFileType = file.storyboard; name = Base; path = Base.lproj/LaunchScreen.storyboard; sourceTree = "<group>"; };
		2295C5852748722F0050FA7D /* Info.plist */ = {isa = PBXFileReference; lastKnownFileType = text.plist.xml; path = Info.plist; sourceTree = "<group>"; };
		2298D16B27498A3E00CCFBF2 /* Lock n Key Wallet.entitlements */ = {isa = PBXFileReference; lastKnownFileType = text.plist.entitlements; path = "Lock n Key Wallet.entitlements"; sourceTree = "<group>"; };
		22BD8B41287A85E800AF53EA /* DataImageController.swift */ = {isa = PBXFileReference; lastKnownFileType = sourcecode.swift; path = DataImageController.swift; sourceTree = "<group>"; };
		22CAFBD027543937006D02AA /* Extensions.swift */ = {isa = PBXFileReference; lastKnownFileType = sourcecode.swift; path = Extensions.swift; sourceTree = "<group>"; };
		6CB8B1DD79F69EF8022AD25B /* Pods_Lock_n_Key_Wallet.framework */ = {isa = PBXFileReference; explicitFileType = wrapper.framework; includeInIndex = 0; path = Pods_Lock_n_Key_Wallet.framework; sourceTree = BUILT_PRODUCTS_DIR; };
		6DEFD857917A44C05E4B1287 /* Pods-Lock n Key Wallet.debug.xcconfig */ = {isa = PBXFileReference; includeInIndex = 1; lastKnownFileType = text.xcconfig; name = "Pods-Lock n Key Wallet.debug.xcconfig"; path = "Target Support Files/Pods-Lock n Key Wallet/Pods-Lock n Key Wallet.debug.xcconfig"; sourceTree = "<group>"; };
		B8DBF98E4D8E7459231A086E /* Pods-Lock n Key Wallet.release.xcconfig */ = {isa = PBXFileReference; includeInIndex = 1; lastKnownFileType = text.xcconfig; name = "Pods-Lock n Key Wallet.release.xcconfig"; path = "Target Support Files/Pods-Lock n Key Wallet/Pods-Lock n Key Wallet.release.xcconfig"; sourceTree = "<group>"; };
/* End PBXFileReference section */

/* Begin PBXFrameworksBuildPhase section */
		2295C56E2748722E0050FA7D /* Frameworks */ = {
			isa = PBXFrameworksBuildPhase;
			buildActionMask = 2147483647;
			files = (
				220ADAF9274DA60F0030FAAD /* CloudKit.framework in Frameworks */,
				229F7EB92D9DBFCD00180C6B /* SDWebImageMapKit in Frameworks */,
				229F7EBC2D9DC09F00180C6B /* FirebaseAnalytics in Frameworks */,
				229F7EC42D9DC09F00180C6B /* FirebaseFirestore in Frameworks */,
				227B18F7285EB3320092D67E /* CreditCardScanner in Frameworks */,
				229F7EC82D9DC09F00180C6B /* FirebaseStorage in Frameworks */,
				229F7EB72D9DBFCD00180C6B /* SDWebImage in Frameworks */,
				229F7EC62D9DC09F00180C6B /* FirebaseInAppMessaging-Beta in Frameworks */,
				229F7EC02D9DC09F00180C6B /* FirebaseCrashlytics in Frameworks */,
				229F7EC22D9DC09F00180C6B /* FirebaseDatabase in Frameworks */,
				229F7EBE2D9DC09F00180C6B /* FirebaseAuth in Frameworks */,
				3D69823B568CFCA67A0E9E2A /* Pods_Lock_n_Key_Wallet.framework in Frameworks */,
			);
			runOnlyForDeploymentPostprocessing = 0;
		};
/* End PBXFrameworksBuildPhase section */

/* Begin PBXGroup section */
		222384EC2751791400FBF76A /* DBControllers */ = {
			isa = PBXGroup;
			children = (
				222384ED2751793700FBF76A /* DBManager.swift */,
			);
			path = DBControllers;
			sourceTree = "<group>";
		};
		222384F32751800400FBF76A /* xib */ = {
			isa = PBXGroup;
			children = (
				222384F027517FFF00FBF76A /* DatasViewCell.xib */,
			);
			name = xib;
			sourceTree = "<group>";
		};
		222C9704274873BD004C077E /* Extras */ = {
			isa = PBXGroup;
			children = (
				224E8689285F6FCA00F4A575 /* Encryption */,
				2295C57D2748722E0050FA7D /* Lock_n_Key_Wallet.xcdatamodeld */,
				2295C5762748722E0050FA7D /* SceneDelegate.swift */,
				2295C5742748722E0050FA7D /* AppDelegate.swift */,
				227FB7A0275FAEBA0013647B /* Reachability.swift */,
				22CAFBD027543937006D02AA /* Extensions.swift */,
			);
			path = Extras;
			sourceTree = "<group>";
		};
		222C97162748772D004C077E /* Storyboards */ = {
			isa = PBXGroup;
			children = (
				2295C5822748722F0050FA7D /* LaunchScreen.storyboard */,
				2295C57A2748722E0050FA7D /* Main.storyboard */,
				222C972927487D9C004C077E /* Onboarding.storyboard */,
				222384EF27517FFF00FBF76A /* DatasViewCell.swift */,
			);
			path = Storyboards;
			sourceTree = "<group>";
		};
		222C971727487739004C077E /* Model */ = {
			isa = PBXGroup;
			children = (
				220ADAFA274DA9D70030FAAD /* Model.swift */,
			);
			path = Model;
			sourceTree = "<group>";
		};
		222C971827487746004C077E /* View */ = {
			isa = PBXGroup;
			children = (
				222C97162748772D004C077E /* Storyboards */,
				222384F32751800400FBF76A /* xib */,
			);
			path = View;
			sourceTree = "<group>";
		};
		222C97192748774D004C077E /* Controller */ = {
			isa = PBXGroup;
			children = (
				222C971F27487AAD004C077E /* SignInController.swift */,
				222384C6274D361D00FBF76A /* MasterPasswordController.swift */,
				227FB79E275FABCB0013647B /* OnboardingController.swift */,
				220D757B2870BC88003461D1 /* DataCreditCardController.swift */,
				220D757D287116AC003461D1 /* DataPasswordController.swift */,
				22BD8B41287A85E800AF53EA /* DataImageController.swift */,
				2283FD3D2873B01600F8B21C /* DataSecureNoteController.swift */,
				222C972327487B8F004C077E /* SettingsController.swift */,
				228671CF286BA5B60010AEAF /* GeneratePasswordController.swift */,
				222C972727487CED004C077E /* OpenVaultController.swift */,
				222384EC2751791400FBF76A /* DBControllers */,
			);
			path = Controller;
			sourceTree = "<group>";
		};
		222C971A27487766004C077E /* Resources */ = {
			isa = PBXGroup;
			children = (
				2295C5852748722F0050FA7D /* Info.plist */,
				222C971B27487841004C077E /* GoogleService-Info.plist */,
				2295C5802748722F0050FA7D /* Assets.xcassets */,
			);
			path = Resources;
			sourceTree = "<group>";
		};
		224E8689285F6FCA00F4A575 /* Encryption */ = {
			isa = PBXGroup;
			children = (
				224E868B285F6FE200F4A575 /* Encryption.swift */,
				224E868A285F6FE100F4A575 /* EncryptionPassword.swift */,
			);
			path = Encryption;
			sourceTree = "<group>";
		};
		2295C5682748722E0050FA7D = {
			isa = PBXGroup;
			children = (
				2295C5732748722E0050FA7D /* Lock n Key Wallet */,
				2295C5722748722E0050FA7D /* Products */,
				366FC2A58726BA3D923BB29A /* Frameworks */,
				958EFBAC3130A2ABABC21C9B /* Pods */,
			);
			sourceTree = "<group>";
		};
		2295C5722748722E0050FA7D /* Products */ = {
			isa = PBXGroup;
			children = (
				2295C5712748722E0050FA7D /* Lock n Key Wallet.app */,
			);
			name = Products;
			sourceTree = "<group>";
		};
		2295C5732748722E0050FA7D /* Lock n Key Wallet */ = {
			isa = PBXGroup;
			children = (
				2298D16B27498A3E00CCFBF2 /* Lock n Key Wallet.entitlements */,
				222C971727487739004C077E /* Model */,
				222C971827487746004C077E /* View */,
				222C97192748774D004C077E /* Controller */,
				222C971A27487766004C077E /* Resources */,
				222C9704274873BD004C077E /* Extras */,
			);
			path = "Lock n Key Wallet";
			sourceTree = "<group>";
		};
		366FC2A58726BA3D923BB29A /* Frameworks */ = {
			isa = PBXGroup;
			children = (
				220ADAF8274DA60F0030FAAD /* CloudKit.framework */,
				6CB8B1DD79F69EF8022AD25B /* Pods_Lock_n_Key_Wallet.framework */,
			);
			name = Frameworks;
			sourceTree = "<group>";
		};
		958EFBAC3130A2ABABC21C9B /* Pods */ = {
			isa = PBXGroup;
			children = (
				6DEFD857917A44C05E4B1287 /* Pods-Lock n Key Wallet.debug.xcconfig */,
				B8DBF98E4D8E7459231A086E /* Pods-Lock n Key Wallet.release.xcconfig */,
			);
			path = Pods;
			sourceTree = "<group>";
		};
/* End PBXGroup section */

/* Begin PBXNativeTarget section */
		2295C5702748722E0050FA7D /* Lock n Key Wallet */ = {
			isa = PBXNativeTarget;
			buildConfigurationList = 2295C5882748722F0050FA7D /* Build configuration list for PBXNativeTarget "Lock n Key Wallet" */;
			buildPhases = (
				01708F345D80D815DB081F64 /* [CP] Check Pods Manifest.lock */,
				2295C56D2748722E0050FA7D /* Sources */,
				2295C56E2748722E0050FA7D /* Frameworks */,
				2295C56F2748722E0050FA7D /* Resources */,
				22AA2339276D261A00E46D1B /* ShellScript */,
				ACFD765FA82778B05E38318D /* [CP] Embed Pods Frameworks */,
			);
			buildRules = (
			);
			dependencies = (
			);
			name = "Lock n Key Wallet";
			packageProductDependencies = (
				227B18F6285EB3320092D67E /* CreditCardScanner */,
				229F7EB62D9DBFCD00180C6B /* SDWebImage */,
				229F7EB82D9DBFCD00180C6B /* SDWebImageMapKit */,
				229F7EBB2D9DC09F00180C6B /* FirebaseAnalytics */,
				229F7EBD2D9DC09F00180C6B /* FirebaseAuth */,
				229F7EBF2D9DC09F00180C6B /* FirebaseCrashlytics */,
				229F7EC12D9DC09F00180C6B /* FirebaseDatabase */,
				229F7EC32D9DC09F00180C6B /* FirebaseFirestore */,
				229F7EC52D9DC09F00180C6B /* FirebaseInAppMessaging-Beta */,
				229F7EC72D9DC09F00180C6B /* FirebaseStorage */,
			);
			productName = "Lock n Key Wallet";
			productReference = 2295C5712748722E0050FA7D /* Lock n Key Wallet.app */;
			productType = "com.apple.product-type.application";
		};
/* End PBXNativeTarget section */

/* Begin PBXProject section */
		2295C5692748722E0050FA7D /* Project object */ = {
			isa = PBXProject;
			attributes = {
				BuildIndependentTargetsInParallel = 1;
				LastSwiftUpdateCheck = 1310;
				LastUpgradeCheck = 1630;
				TargetAttributes = {
					2295C5702748722E0050FA7D = {
						CreatedOnToolsVersion = 13.1;
						LastSwiftMigration = 1340;
					};
				};
			};
			buildConfigurationList = 2295C56C2748722E0050FA7D /* Build configuration list for PBXProject "Lock n Key Wallet" */;
			compatibilityVersion = "Xcode 13.0";
			developmentRegion = en;
			hasScannedForEncodings = 0;
			knownRegions = (
				en,
				Base,
				es,
			);
			mainGroup = 2295C5682748722E0050FA7D;
			packageReferences = (
				227B18F5285EB3320092D67E /* XCRemoteSwiftPackageReference "credit-card-scanner" */,
				229F7EB52D9DBFCD00180C6B /* XCRemoteSwiftPackageReference "SDWebImage" */,
				229F7EBA2D9DC09F00180C6B /* XCRemoteSwiftPackageReference "firebase-ios-sdk" */,
			);
			productRefGroup = 2295C5722748722E0050FA7D /* Products */;
			projectDirPath = "";
			projectRoot = "";
			targets = (
				2295C5702748722E0050FA7D /* Lock n Key Wallet */,
			);
		};
/* End PBXProject section */

/* Begin PBXResourcesBuildPhase section */
		2295C56F2748722E0050FA7D /* Resources */ = {
			isa = PBXResourcesBuildPhase;
			buildActionMask = 2147483647;
			files = (
				2295C5842748722F0050FA7D /* LaunchScreen.storyboard in Resources */,
				222C972A27487D9C004C077E /* Onboarding.storyboard in Resources */,
				222C971C27487841004C077E /* GoogleService-Info.plist in Resources */,
				2295C5812748722F0050FA7D /* Assets.xcassets in Resources */,
				222384F227517FFF00FBF76A /* DatasViewCell.xib in Resources */,
				2295C57C2748722E0050FA7D /* Main.storyboard in Resources */,
			);
			runOnlyForDeploymentPostprocessing = 0;
		};
/* End PBXResourcesBuildPhase section */

/* Begin PBXShellScriptBuildPhase section */
		01708F345D80D815DB081F64 /* [CP] Check Pods Manifest.lock */ = {
			isa = PBXShellScriptBuildPhase;
			buildActionMask = 2147483647;
			files = (
			);
			inputFileListPaths = (
			);
			inputPaths = (
				"${PODS_PODFILE_DIR_PATH}/Podfile.lock",
				"${PODS_ROOT}/Manifest.lock",
			);
			name = "[CP] Check Pods Manifest.lock";
			outputFileListPaths = (
			);
			outputPaths = (
				"$(DERIVED_FILE_DIR)/Pods-Lock n Key Wallet-checkManifestLockResult.txt",
			);
			runOnlyForDeploymentPostprocessing = 0;
			shellPath = /bin/sh;
			shellScript = "diff \"${PODS_PODFILE_DIR_PATH}/Podfile.lock\" \"${PODS_ROOT}/Manifest.lock\" > /dev/null\nif [ $? != 0 ] ; then\n    # print error to STDERR\n    echo \"error: The sandbox is not in sync with the Podfile.lock. Run 'pod install' or update your CocoaPods installation.\" >&2\n    exit 1\nfi\n# This output is used by Xcode 'outputs' to avoid re-running this script phase.\necho \"SUCCESS\" > \"${SCRIPT_OUTPUT_FILE_0}\"\n";
			showEnvVarsInLog = 0;
		};
		22AA2339276D261A00E46D1B /* ShellScript */ = {
			isa = PBXShellScriptBuildPhase;
			buildActionMask = 2147483647;
			files = (
			);
			inputFileListPaths = (
			);
			inputPaths = (
				"${DWARF_DSYM_FOLDER_PATH}/${DWARF_DSYM_FILE_NAME}/Contents/Resources/DWARF/${TARGET_NAME}",
				"$(SRCROOT)/$(BUILT_PRODUCTS_DIR)/$(INFOPLIST_PATH)",
			);
			outputFileListPaths = (
			);
			outputPaths = (
				"${TARGET_TEMP_DIR}/crashlytics_upload.log",
			);
			runOnlyForDeploymentPostprocessing = 0;
			shellPath = /bin/sh;
			shellScript = "
";
		};
		ACFD765FA82778B05E38318D /* [CP] Embed Pods Frameworks */ = {
			isa = PBXShellScriptBuildPhase;
			buildActionMask = 2147483647;
			files = (
			);
			inputFileListPaths = (
				"${PODS_ROOT}/Target Support Files/Pods-Lock n Key Wallet/Pods-Lock n Key Wallet-frameworks-${CONFIGURATION}-input-files.xcfilelist",
			);
			inputPaths = (
			);
			name = "[CP] Embed Pods Frameworks";
			outputFileListPaths = (
				"${PODS_ROOT}/Target Support Files/Pods-Lock n Key Wallet/Pods-Lock n Key Wallet-frameworks-${CONFIGURATION}-output-files.xcfilelist",
			);
			outputPaths = (
			);
			runOnlyForDeploymentPostprocessing = 0;
			shellPath = /bin/sh;
			shellScript = "\"${PODS_ROOT}/Target Support Files/Pods-Lock n Key Wallet/Pods-Lock n Key Wallet-frameworks.sh\"\n";
			showEnvVarsInLog = 0;
		};
/* End PBXShellScriptBuildPhase section */

/* Begin PBXSourcesBuildPhase section */
		2295C56D2748722E0050FA7D /* Sources */ = {
			isa = PBXSourcesBuildPhase;
			buildActionMask = 2147483647;
			files = (
				220D757E287116AC003461D1 /* DataPasswordController.swift in Sources */,
				222C972427487B8F004C077E /* SettingsController.swift in Sources */,
				22BD8B42287A85E800AF53EA /* DataImageController.swift in Sources */,
				2295C57F2748722E0050FA7D /* Lock_n_Key_Wallet.xcdatamodeld in Sources */,
				2295C5752748722E0050FA7D /* AppDelegate.swift in Sources */,
				220ADAFB274DA9D70030FAAD /* Model.swift in Sources */,
				2283FD3E2873B01600F8B21C /* DataSecureNoteController.swift in Sources */,
				222C972027487AAD004C077E /* SignInController.swift in Sources */,
				227FB79F275FABCB0013647B /* OnboardingController.swift in Sources */,
				220D757C2870BC88003461D1 /* DataCreditCardController.swift in Sources */,
				222384EE2751793700FBF76A /* DBManager.swift in Sources */,
				224E868C285F6FE200F4A575 /* EncryptionPassword.swift in Sources */,
				228671D0286BA5B60010AEAF /* GeneratePasswordController.swift in Sources */,
				222C972827487CED004C077E /* OpenVaultController.swift in Sources */,
				224E868D285F6FE200F4A575 /* Encryption.swift in Sources */,
				22CAFBD127543937006D02AA /* Extensions.swift in Sources */,
				222384F127517FFF00FBF76A /* DatasViewCell.swift in Sources */,
				227FB7A1275FAEBA0013647B /* Reachability.swift in Sources */,
				2295C5772748722E0050FA7D /* SceneDelegate.swift in Sources */,
				222384C7274D361D00FBF76A /* MasterPasswordController.swift in Sources */,
			);
			runOnlyForDeploymentPostprocessing = 0;
		};
/* End PBXSourcesBuildPhase section */

/* Begin PBXVariantGroup section */
		2295C57A2748722E0050FA7D /* Main.storyboard */ = {
			isa = PBXVariantGroup;
			children = (
				2295C57B2748722E0050FA7D /* Base */,
			);
			name = Main.storyboard;
			sourceTree = "<group>";
		};
		2295C5822748722F0050FA7D /* LaunchScreen.storyboard */ = {
			isa = PBXVariantGroup;
			children = (
				2295C5832748722F0050FA7D /* Base */,
			);
			name = LaunchScreen.storyboard;
			sourceTree = "<group>";
		};
/* End PBXVariantGroup section */

/* Begin XCBuildConfiguration section */
		2295C5862748722F0050FA7D /* Debug */ = {
			isa = XCBuildConfiguration;
			buildSettings = {
				ALWAYS_SEARCH_USER_PATHS = NO;
				ASSETCATALOG_COMPILER_GENERATE_SWIFT_ASSET_SYMBOL_EXTENSIONS = YES;
				CLANG_ANALYZER_LOCALIZABILITY_NONLOCALIZED = YES;
				CLANG_ANALYZER_NONNULL = YES;
				CLANG_ANALYZER_NUMBER_OBJECT_CONVERSION = YES_AGGRESSIVE;
				CLANG_CXX_LANGUAGE_STANDARD = "gnu++17";
				CLANG_CXX_LIBRARY = "libc++";
				CLANG_ENABLE_MODULES = YES;
				CLANG_ENABLE_OBJC_ARC = YES;
				CLANG_ENABLE_OBJC_WEAK = YES;
				CLANG_WARN_BLOCK_CAPTURE_AUTORELEASING = YES;
				CLANG_WARN_BOOL_CONVERSION = YES;
				CLANG_WARN_COMMA = YES;
				CLANG_WARN_CONSTANT_CONVERSION = YES;
				CLANG_WARN_DEPRECATED_OBJC_IMPLEMENTATIONS = YES;
				CLANG_WARN_DIRECT_OBJC_ISA_USAGE = YES_ERROR;
				CLANG_WARN_DOCUMENTATION_COMMENTS = YES;
				CLANG_WARN_EMPTY_BODY = YES;
				CLANG_WARN_ENUM_CONVERSION = YES;
				CLANG_WARN_INFINITE_RECURSION = YES;
				CLANG_WARN_INT_CONVERSION = YES;
				CLANG_WARN_NON_LITERAL_NULL_CONVERSION = YES;
				CLANG_WARN_OBJC_IMPLICIT_RETAIN_SELF = YES;
				CLANG_WARN_OBJC_LITERAL_CONVERSION = YES;
				CLANG_WARN_OBJC_ROOT_CLASS = YES_ERROR;
				CLANG_WARN_QUOTED_INCLUDE_IN_FRAMEWORK_HEADER = YES;
				CLANG_WARN_RANGE_LOOP_ANALYSIS = YES;
				CLANG_WARN_STRICT_PROTOTYPES = YES;
				CLANG_WARN_SUSPICIOUS_MOVE = YES;
				CLANG_WARN_UNGUARDED_AVAILABILITY = YES_AGGRESSIVE;
				CLANG_WARN_UNREACHABLE_CODE = YES;
				CLANG_WARN__DUPLICATE_METHOD_MATCH = YES;
				COPY_PHASE_STRIP = NO;
				DEBUG_INFORMATION_FORMAT = dwarf;
				DEVELOPMENT_TEAM = SJK4QJY486;
				ENABLE_STRICT_OBJC_MSGSEND = YES;
				ENABLE_TESTABILITY = YES;
				ENABLE_USER_SCRIPT_SANDBOXING = YES;
				GCC_C_LANGUAGE_STANDARD = gnu11;
				GCC_DYNAMIC_NO_PIC = NO;
				GCC_NO_COMMON_BLOCKS = YES;
				GCC_OPTIMIZATION_LEVEL = 0;
				GCC_PREPROCESSOR_DEFINITIONS = (
					"DEBUG=1",
					"$(inherited)",
				);
				GCC_WARN_64_TO_32_BIT_CONVERSION = YES;
				GCC_WARN_ABOUT_RETURN_TYPE = YES_ERROR;
				GCC_WARN_UNDECLARED_SELECTOR = YES;
				GCC_WARN_UNINITIALIZED_AUTOS = YES_AGGRESSIVE;
				GCC_WARN_UNUSED_FUNCTION = YES;
				GCC_WARN_UNUSED_VARIABLE = YES;
				IPHONEOS_DEPLOYMENT_TARGET = 14.0;
				MTL_ENABLE_DEBUG_INFO = INCLUDE_SOURCE;
				MTL_FAST_MATH = YES;
				ONLY_ACTIVE_ARCH = YES;
				SDKROOT = iphoneos;
				SWIFT_ACTIVE_COMPILATION_CONDITIONS = DEBUG;
				SWIFT_OPTIMIZATION_LEVEL = "-Onone";
			};
			name = Debug;
		};
		2295C5872748722F0050FA7D /* Release */ = {
			isa = XCBuildConfiguration;
			buildSettings = {
				ALWAYS_SEARCH_USER_PATHS = NO;
				ASSETCATALOG_COMPILER_GENERATE_SWIFT_ASSET_SYMBOL_EXTENSIONS = YES;
				CLANG_ANALYZER_LOCALIZABILITY_NONLOCALIZED = YES;
				CLANG_ANALYZER_NONNULL = YES;
				CLANG_ANALYZER_NUMBER_OBJECT_CONVERSION = YES_AGGRESSIVE;
				CLANG_CXX_LANGUAGE_STANDARD = "gnu++17";
				CLANG_CXX_LIBRARY = "libc++";
				CLANG_ENABLE_MODULES = YES;
				CLANG_ENABLE_OBJC_ARC = YES;
				CLANG_ENABLE_OBJC_WEAK = YES;
				CLANG_WARN_BLOCK_CAPTURE_AUTORELEASING = YES;
				CLANG_WARN_BOOL_CONVERSION = YES;
				CLANG_WARN_COMMA = YES;
				CLANG_WARN_CONSTANT_CONVERSION = YES;
				CLANG_WARN_DEPRECATED_OBJC_IMPLEMENTATIONS = YES;
				CLANG_WARN_DIRECT_OBJC_ISA_USAGE = YES_ERROR;
				CLANG_WARN_DOCUMENTATION_COMMENTS = YES;
				CLANG_WARN_EMPTY_BODY = YES;
				CLANG_WARN_ENUM_CONVERSION = YES;
				CLANG_WARN_INFINITE_RECURSION = YES;
				CLANG_WARN_INT_CONVERSION = YES;
				CLANG_WARN_NON_LITERAL_NULL_CONVERSION = YES;
				CLANG_WARN_OBJC_IMPLICIT_RETAIN_SELF = YES;
				CLANG_WARN_OBJC_LITERAL_CONVERSION = YES;
				CLANG_WARN_OBJC_ROOT_CLASS = YES_ERROR;
				CLANG_WARN_QUOTED_INCLUDE_IN_FRAMEWORK_HEADER = YES;
				CLANG_WARN_RANGE_LOOP_ANALYSIS = YES;
				CLANG_WARN_STRICT_PROTOTYPES = YES;
				CLANG_WARN_SUSPICIOUS_MOVE = YES;
				CLANG_WARN_UNGUARDED_AVAILABILITY = YES_AGGRESSIVE;
				CLANG_WARN_UNREACHABLE_CODE = YES;
				CLANG_WARN__DUPLICATE_METHOD_MATCH = YES;
				COPY_PHASE_STRIP = NO;
				DEBUG_INFORMATION_FORMAT = "dwarf-with-dsym";
				DEVELOPMENT_TEAM = SJK4QJY486;
				ENABLE_NS_ASSERTIONS = NO;
				ENABLE_STRICT_OBJC_MSGSEND = YES;
				ENABLE_USER_SCRIPT_SANDBOXING = YES;
				GCC_C_LANGUAGE_STANDARD = gnu11;
				GCC_NO_COMMON_BLOCKS = YES;
				GCC_WARN_64_TO_32_BIT_CONVERSION = YES;
				GCC_WARN_ABOUT_RETURN_TYPE = YES_ERROR;
				GCC_WARN_UNDECLARED_SELECTOR = YES;
				GCC_WARN_UNINITIALIZED_AUTOS = YES_AGGRESSIVE;
				GCC_WARN_UNUSED_FUNCTION = YES;
				GCC_WARN_UNUSED_VARIABLE = YES;
				IPHONEOS_DEPLOYMENT_TARGET = 14.0;
				MTL_ENABLE_DEBUG_INFO = NO;
				MTL_FAST_MATH = YES;
				SDKROOT = iphoneos;
				SWIFT_COMPILATION_MODE = wholemodule;
				SWIFT_OPTIMIZATION_LEVEL = "-O";
				VALIDATE_PRODUCT = YES;
			};
			name = Release;
		};
		2295C5892748722F0050FA7D /* Debug */ = {
			isa = XCBuildConfiguration;
			baseConfigurationReference = 6DEFD857917A44C05E4B1287 /* Pods-Lock n Key Wallet.debug.xcconfig */;
			buildSettings = {
				ASSETCATALOG_COMPILER_APPICON_NAME = AppIcon;
				ASSETCATALOG_COMPILER_GLOBAL_ACCENT_COLOR_NAME = AccentColor;
				CLANG_ENABLE_MODULES = YES;
				CODE_SIGN_ENTITLEMENTS = "Lock n Key Wallet/Lock n Key Wallet.entitlements";
				CODE_SIGN_STYLE = Automatic;
				CURRENT_PROJECT_VERSION = 2.0.1;
				DEBUG_INFORMATION_FORMAT = "dwarf-with-dsym";
				ENABLE_USER_SCRIPT_SANDBOXING = NO;
				GENERATE_INFOPLIST_FILE = YES;
				INFOPLIST_FILE = "Lock n Key Wallet/Resources/Info.plist";
				INFOPLIST_KEY_CFBundleDisplayName = "LNK Wallet";
				INFOPLIST_KEY_NSAppleMusicUsageDescription = "We need access to your library and camera to obtain images and encrypt";
				INFOPLIST_KEY_NSCameraUsageDescription = "We need access to your camera and album to obtain images to securely store";
				INFOPLIST_KEY_NSPhotoLibraryUsageDescription = "We need access to your library to obtain images and encrypt";
				INFOPLIST_KEY_UIApplicationSupportsIndirectInputEvents = YES;
				INFOPLIST_KEY_UILaunchStoryboardName = LaunchScreen;
				INFOPLIST_KEY_UIMainStoryboardFile = Main;
				INFOPLIST_KEY_UISupportedInterfaceOrientations = UIInterfaceOrientationPortrait;
				INFOPLIST_KEY_UISupportedInterfaceOrientations_iPad = "UIInterfaceOrientationPortrait UIInterfaceOrientationPortraitUpsideDown UIInterfaceOrientationLandscapeLeft UIInterfaceOrientationLandscapeRight";
				INFOPLIST_KEY_UISupportedInterfaceOrientations_iPhone = UIInterfaceOrientationPortrait;
				IPHONEOS_DEPLOYMENT_TARGET = 14.0;
				LD_RUNPATH_SEARCH_PATHS = (
					"$(inherited)",
					"@executable_path/Frameworks",
				);
				MARKETING_VERSION = 2.0.1;
				PRODUCT_BUNDLE_IDENTIFIER = "com.jdev.Lock-n-Key-Wallet";
				PRODUCT_NAME = "$(TARGET_NAME)";
				SWIFT_EMIT_LOC_STRINGS = YES;
				SWIFT_OPTIMIZATION_LEVEL = "-Onone";
				SWIFT_VERSION = 5.0;
				TARGETED_DEVICE_FAMILY = 1;
			};
			name = Debug;
		};
		2295C58A2748722F0050FA7D /* Release */ = {
			isa = XCBuildConfiguration;
			baseConfigurationReference = B8DBF98E4D8E7459231A086E /* Pods-Lock n Key Wallet.release.xcconfig */;
			buildSettings = {
				ASSETCATALOG_COMPILER_APPICON_NAME = AppIcon;
				ASSETCATALOG_COMPILER_GLOBAL_ACCENT_COLOR_NAME = AccentColor;
				CLANG_ENABLE_MODULES = YES;
				CODE_SIGN_ENTITLEMENTS = "Lock n Key Wallet/Lock n Key Wallet.entitlements";
				CODE_SIGN_STYLE = Automatic;
				CURRENT_PROJECT_VERSION = 2.0.1;
				DEBUG_INFORMATION_FORMAT = "dwarf-with-dsym";
				ENABLE_USER_SCRIPT_SANDBOXING = NO;
				GENERATE_INFOPLIST_FILE = YES;
				INFOPLIST_FILE = "Lock n Key Wallet/Resources/Info.plist";
				INFOPLIST_KEY_CFBundleDisplayName = "LNK Wallet";
				INFOPLIST_KEY_NSAppleMusicUsageDescription = "We need access to your library and camera to obtain images and encrypt";
				INFOPLIST_KEY_NSCameraUsageDescription = "We need access to your camera and album to obtain images to securely store";
				INFOPLIST_KEY_NSPhotoLibraryUsageDescription = "We need access to your library to obtain images and encrypt";
				INFOPLIST_KEY_UIApplicationSupportsIndirectInputEvents = YES;
				INFOPLIST_KEY_UILaunchStoryboardName = LaunchScreen;
				INFOPLIST_KEY_UIMainStoryboardFile = Main;
				INFOPLIST_KEY_UISupportedInterfaceOrientations = UIInterfaceOrientationPortrait;
				INFOPLIST_KEY_UISupportedInterfaceOrientations_iPad = "UIInterfaceOrientationPortrait UIInterfaceOrientationPortraitUpsideDown UIInterfaceOrientationLandscapeLeft UIInterfaceOrientationLandscapeRight";
				INFOPLIST_KEY_UISupportedInterfaceOrientations_iPhone = UIInterfaceOrientationPortrait;
				IPHONEOS_DEPLOYMENT_TARGET = 14.0;
				LD_RUNPATH_SEARCH_PATHS = (
					"$(inherited)",
					"@executable_path/Frameworks",
				);
				MARKETING_VERSION = 2.0.1;
				PRODUCT_BUNDLE_IDENTIFIER = "com.jdev.Lock-n-Key-Wallet";
				PRODUCT_NAME = "$(TARGET_NAME)";
				SWIFT_EMIT_LOC_STRINGS = YES;
				SWIFT_VERSION = 5.0;
				TARGETED_DEVICE_FAMILY = 1;
			};
			name = Release;
		};
/* End XCBuildConfiguration section */

/* Begin XCConfigurationList section */
		2295C56C2748722E0050FA7D /* Build configuration list for PBXProject "Lock n Key Wallet" */ = {
			isa = XCConfigurationList;
			buildConfigurations = (
				2295C5862748722F0050FA7D /* Debug */,
				2295C5872748722F0050FA7D /* Release */,
			);
			defaultConfigurationIsVisible = 0;
			defaultConfigurationName = Release;
		};
		2295C5882748722F0050FA7D /* Build configuration list for PBXNativeTarget "Lock n Key Wallet" */ = {
			isa = XCConfigurationList;
			buildConfigurations = (
				2295C5892748722F0050FA7D /* Debug */,
				2295C58A2748722F0050FA7D /* Release */,
			);
			defaultConfigurationIsVisible = 0;
			defaultConfigurationName = Release;
		};
/* End XCConfigurationList section */

/* Begin XCRemoteSwiftPackageReference section */
		227B18F5285EB3320092D67E /* XCRemoteSwiftPackageReference "credit-card-scanner" */ = {
			isa = XCRemoteSwiftPackageReference;
			repositoryURL = "https://github.com/yhkaplan/credit-card-scanner.git";
			requirement = {
				branch = main;
				kind = branch;
			};
		};
		229F7EB52D9DBFCD00180C6B /* XCRemoteSwiftPackageReference "SDWebImage" */ = {
			isa = XCRemoteSwiftPackageReference;
			repositoryURL = "https://github.com/SDWebImage/SDWebImage.git";
			requirement = {
				kind = exactVersion;
				version = 5.1.0;
			};
		};
		229F7EBA2D9DC09F00180C6B /* XCRemoteSwiftPackageReference "firebase-ios-sdk" */ = {
			isa = XCRemoteSwiftPackageReference;
			repositoryURL = "https://github.com/firebase/firebase-ios-sdk.git";
			requirement = {
				kind = upToNextMajorVersion;
				minimumVersion = 11.11.0;
			};
		};
/* End XCRemoteSwiftPackageReference section */

/* Begin XCSwiftPackageProductDependency section */
		227B18F6285EB3320092D67E /* CreditCardScanner */ = {
			isa = XCSwiftPackageProductDependency;
			package = 227B18F5285EB3320092D67E /* XCRemoteSwiftPackageReference "credit-card-scanner" */;
			productName = CreditCardScanner;
		};
		229F7EB62D9DBFCD00180C6B /* SDWebImage */ = {
			isa = XCSwiftPackageProductDependency;
			package = 229F7EB52D9DBFCD00180C6B /* XCRemoteSwiftPackageReference "SDWebImage" */;
			productName = SDWebImage;
		};
		229F7EB82D9DBFCD00180C6B /* SDWebImageMapKit */ = {
			isa = XCSwiftPackageProductDependency;
			package = 229F7EB52D9DBFCD00180C6B /* XCRemoteSwiftPackageReference "SDWebImage" */;
			productName = SDWebImageMapKit;
		};
		229F7EBB2D9DC09F00180C6B /* FirebaseAnalytics */ = {
			isa = XCSwiftPackageProductDependency;
			package = 229F7EBA2D9DC09F00180C6B /* XCRemoteSwiftPackageReference "firebase-ios-sdk" */;
			productName = FirebaseAnalytics;
		};
		229F7EBD2D9DC09F00180C6B /* FirebaseAuth */ = {
			isa = XCSwiftPackageProductDependency;
			package = 229F7EBA2D9DC09F00180C6B /* XCRemoteSwiftPackageReference "firebase-ios-sdk" */;
			productName = FirebaseAuth;
		};
		229F7EBF2D9DC09F00180C6B /* FirebaseCrashlytics */ = {
			isa = XCSwiftPackageProductDependency;
			package = 229F7EBA2D9DC09F00180C6B /* XCRemoteSwiftPackageReference "firebase-ios-sdk" */;
			productName = FirebaseCrashlytics;
		};
		229F7EC12D9DC09F00180C6B /* FirebaseDatabase */ = {
			isa = XCSwiftPackageProductDependency;
			package = 229F7EBA2D9DC09F00180C6B /* XCRemoteSwiftPackageReference "firebase-ios-sdk" */;
			productName = FirebaseDatabase;
		};
		229F7EC32D9DC09F00180C6B /* FirebaseFirestore */ = {
			isa = XCSwiftPackageProductDependency;
			package = 229F7EBA2D9DC09F00180C6B /* XCRemoteSwiftPackageReference "firebase-ios-sdk" */;
			productName = FirebaseFirestore;
		};
		229F7EC52D9DC09F00180C6B /* FirebaseInAppMessaging-Beta */ = {
			isa = XCSwiftPackageProductDependency;
			package = 229F7EBA2D9DC09F00180C6B /* XCRemoteSwiftPackageReference "firebase-ios-sdk" */;
			productName = "FirebaseInAppMessaging-Beta";
		};
		229F7EC72D9DC09F00180C6B /* FirebaseStorage */ = {
			isa = XCSwiftPackageProductDependency;
			package = 229F7EBA2D9DC09F00180C6B /* XCRemoteSwiftPackageReference "firebase-ios-sdk" */;
			productName = FirebaseStorage;
		};
/* End XCSwiftPackageProductDependency section */

/* Begin XCVersionGroup section */
		2295C57D2748722E0050FA7D /* Lock_n_Key_Wallet.xcdatamodeld */ = {
			isa = XCVersionGroup;
			children = (
				2295C57E2748722E0050FA7D /* Lock_n_Key_Wallet.xcdatamodel */,
			);
			currentVersion = 2295C57E2748722E0050FA7D /* Lock_n_Key_Wallet.xcdatamodel */;
			path = Lock_n_Key_Wallet.xcdatamodeld;
			sourceTree = "<group>";
			versionGroupType = wrapper.xcdatamodel;
		};
/* End XCVersionGroup section */
	};
	rootObject = 2295C5692748722E0050FA7D /* Project object */;
}
